
Microsoft Visual Studio Solution File, Format Version 12.00
# Visual Studio Version 17
VisualStudioVersion = 17.1.32210.238
MinimumVisualStudioVersion = 10.0.40219.1
Project("{8BC9CEB8-8B4A-11D0-8D11-00A0C91BC942}") = "TickerHook28", "TickerHook28\TickerHook28.vcxproj", "{335EBE8C-EE03-4E6B-990B-B66D1513D479}"
EndProject
Project("{8BC9CEB8-8B4A-11D0-8D11-00A0C91BC942}") = "TickerHook09", "TickerHook09\TickerHook09.vcxproj", "{722EB0B9-B133-4331-86F9-76D5D92503D9}"
EndProject
Project("{8BC9CEB8-8B4A-11D0-8D11-00A0C91BC942}") = "TickerHook27", "TickerHook27\TickerHook27.vcxproj", "{7D546052-9699-4555-B978-A5A017708E5A}"
EndProject
Project("{8BC9CEB8-8B4A-11D0-8D11-00A0C91BC942}") = "TickerHook26", "TickerHook26\TickerHook26.vcxproj", "{5F285948-DBCC-48F4-B0FF-62AED6363FB7}"
EndProject
Project("{8BC9CEB8-8B4A-11D0-8D11-00A0C91BC942}") = "TickerHook25", "TickerHook25\TickerHook25.vcxproj", "{654BB5F9-5C6D-4946-8246-DF65EF8B44E6}"
EndProject
Project("{8BC9CEB8-8B4A-11D0-8D11-00A0C91BC942}") = "TickerHook24", "TickerHook24\TickerHook24.vcxproj", "{80DED78E-D5B0-4AAE-A306-77652DDD9A67}"
EndProject
Project("{8BC9CEB8-8B4A-11D0-8D11-00A0C91BC942}") = "TickerHook23", "TickerHook23\TickerHook23.vcxproj", "{F047E0FE-ACA7-414E-91E7-A9B5B5748233}"
EndProject
Project("{8BC9CEB8-8B4A-11D0-8D11-00A0C91BC942}") = "TickerHook22", "TickerHook22\TickerHook22.vcxproj", "{900BB96B-25E0-4FF4-BBE8-46E28AB172CD}"
EndProject
Project("{8BC9CEB8-8B4A-11D0-8D11-00A0C91BC942}") = "TickerHook21", "TickerHook21\TickerHook21.vcxproj", "{79DDB62D-CB70-4BEA-8A90-F72A5C74A16F}"
EndProject
Project("{8BC9CEB8-8B4A-11D0-8D11-00A0C91BC942}") = "TickerHook20", "TickerHook20\TickerHook20.vcxproj", "{E22DEAB6-C39E-4945-8EEE-E94D34F99A38}"
EndProject
Project("{8BC9CEB8-8B4A-11D0-8D11-00A0C91BC942}") = "TickerHook19", "TickerHook19\TickerHook19.vcxproj", "{E9B2CD64-18EC-4149-951B-010CFA7CC692}"
EndProject
Project("{8BC9CEB8-8B4A-11D0-8D11-00A0C91BC942}") = "TickerHook18", "TickerHook18\TickerHook18.vcxproj", "{61915E48-367F-4A0D-A0AA-066A888A0733}"
EndProject
Project("{8BC9CEB8-8B4A-11D0-8D11-00A0C91BC942}") = "TickerHook17", "TickerHook17\TickerHook17.vcxproj", "{293B9B93-6DE8-4CFF-92CD-427B82A00AF1}"
EndProject
Project("{8BC9CEB8-8B4A-11D0-8D11-00A0C91BC942}") = "TickerHook16", "TickerHook16\TickerHook16.vcxproj", "{FABDA5D6-2195-4E0C-A4C3-DEBC832B2DBF}"
EndProject
Project("{8BC9CEB8-8B4A-11D0-8D11-00A0C91BC942}") = "TickerHook15", "TickerHook15\TickerHook15.vcxproj", "{5677D995-93D1-4289-9A4B-03F560C824C7}"
EndProject
Project("{8BC9CEB8-8B4A-11D0-8D11-00A0C91BC942}") = "TickerHook14", "TickerHook14\TickerHook14.vcxproj", "{EE266533-4866-48BF-A38A-2F9A738F549F}"
EndProject
Project("{8BC9CEB8-8B4A-11D0-8D11-00A0C91BC942}") = "TickerHook13", "TickerHook13\TickerHook13.vcxproj", "{085937A5-7A40-412E-9D5B-35C662EE3C34}"
EndProject
Project("{8BC9CEB8-8B4A-11D0-8D11-00A0C91BC942}") = "TickerHook12", "TickerHook12\TickerHook12.vcxproj", "{753C7FA6-706A-4237-B05D-42BCAA018A0E}"
EndProject
Project("{8BC9CEB8-8B4A-11D0-8D11-00A0C91BC942}") = "TickerHook11", "TickerHook11\TickerHook11.vcxproj", "{8FCB40B2-3108-4CB8-9B9D-FE9D841E0765}"
EndProject
Project("{8BC9CEB8-8B4A-11D0-8D11-00A0C91BC942}") = "TickerHook10", "TickerHook10\TickerHook10.vcxproj", "{18FE90C7-B4A1-4DB3-B9F6-A0E8FC2057B0}"
EndProject
Project("{8BC9CEB8-8B4A-11D0-8D11-00A0C91BC942}") = "TickerHook29(2021101301)", "TickerHook29\TickerHook29.vcxproj", "{C43E16FE-D8F1-4901-B240-95966E7A711A}"
EndProject
Project("{8BC9CEB8-8B4A-11D0-8D11-00A0C91BC942}") = "TickerHook29(2021111700)", "TickerHook29(2021111700)\TickerHook29(2021111700).vcxproj", "{BE1C7AEA-3749-45AD-AD5D-7B8133B8E4AD}"
EndProject
Project("{8BC9CEB8-8B4A-11D0-8D11-00A0C91BC942}") = "TickerHookINF", "TickerHookINF\TickerHookINF.vcxproj", "{E10C81DC-3A10-4DFE-9C16-5199B8E53157}"
EndProject
Project("{8BC9CEB8-8B4A-11D0-8D11-00A0C91BC942}") = "TickerHook29(2022030100)", "TickerHook29(2022030100)\TickerHook29(2022030100).vcxproj", "{E890EC69-C81E-4CB3-AA16-71019416C10E}"
EndProject
Global
	GlobalSection(SolutionConfigurationPlatforms) = preSolution
		Debug|x64 = Debug|x64
		Debug|x86 = Debug|x86
		Release|x64 = Release|x64
		Release|x86 = Release|x86
	EndGlobalSection
	GlobalSection(ProjectConfigurationPlatforms) = postSolution
		{335EBE8C-EE03-4E6B-990B-B66D1513D479}.Debug|x64.ActiveCfg = Debug|x64
		{335EBE8C-EE03-4E6B-990B-B66D1513D479}.Debug|x64.Build.0 = Debug|x64
		{335EBE8C-EE03-4E6B-990B-B66D1513D479}.Debug|x86.ActiveCfg = Debug|Win32
		{335EBE8C-EE03-4E6B-990B-B66D1513D479}.Debug|x86.Build.0 = Debug|Win32
		{335EBE8C-EE03-4E6B-990B-B66D1513D479}.Release|x64.ActiveCfg = Release|x64
		{335EBE8C-EE03-4E6B-990B-B66D1513D479}.Release|x64.Build.0 = Release|x64
		{335EBE8C-EE03-4E6B-990B-B66D1513D479}.Release|x86.ActiveCfg = Release|Win32
		{335EBE8C-EE03-4E6B-990B-B66D1513D479}.Release|x86.Build.0 = Release|Win32
		{722EB0B9-B133-4331-86F9-76D5D92503D9}.Debug|x64.ActiveCfg = Debug|x64
		{722EB0B9-B133-4331-86F9-76D5D92503D9}.Debug|x64.Build.0 = Debug|x64
		{722EB0B9-B133-4331-86F9-76D5D92503D9}.Debug|x86.ActiveCfg = Debug|Win32
		{722EB0B9-B133-4331-86F9-76D5D92503D9}.Debug|x86.Build.0 = Debug|Win32
		{722EB0B9-B133-4331-86F9-76D5D92503D9}.Release|x64.ActiveCfg = Release|x64
		{722EB0B9-B133-4331-86F9-76D5D92503D9}.Release|x64.Build.0 = Release|x64
		{722EB0B9-B133-4331-86F9-76D5D92503D9}.Release|x86.ActiveCfg = Release|Win32
		{722EB0B9-B133-4331-86F9-76D5D92503D9}.Release|x86.Build.0 = Release|Win32
		{7D546052-9699-4555-B978-A5A017708E5A}.Debug|x64.ActiveCfg = Debug|x64
		{7D546052-9699-4555-B978-A5A017708E5A}.Debug|x64.Build.0 = Debug|x64
		{7D546052-9699-4555-B978-A5A017708E5A}.Debug|x86.ActiveCfg = Debug|Win32
		{7D546052-9699-4555-B978-A5A017708E5A}.Debug|x86.Build.0 = Debug|Win32
		{7D546052-9699-4555-B978-A5A017708E5A}.Release|x64.ActiveCfg = Release|x64
		{7D546052-9699-4555-B978-A5A017708E5A}.Release|x64.Build.0 = Release|x64
		{7D546052-9699-4555-B978-A5A017708E5A}.Release|x86.ActiveCfg = Release|Win32
		{7D546052-9699-4555-B978-A5A017708E5A}.Release|x86.Build.0 = Release|Win32
		{5F285948-DBCC-48F4-B0FF-62AED6363FB7}.Debug|x64.ActiveCfg = Debug|x64
		{5F285948-DBCC-48F4-B0FF-62AED6363FB7}.Debug|x64.Build.0 = Debug|x64
		{5F285948-DBCC-48F4-B0FF-62AED6363FB7}.Debug|x86.ActiveCfg = Debug|Win32
		{5F285948-DBCC-48F4-B0FF-62AED6363FB7}.Debug|x86.Build.0 = Debug|Win32
		{5F285948-DBCC-48F4-B0FF-62AED6363FB7}.Release|x64.ActiveCfg = Release|x64
		{5F285948-DBCC-48F4-B0FF-62AED6363FB7}.Release|x64.Build.0 = Release|x64
		{5F285948-DBCC-48F4-B0FF-62AED6363FB7}.Release|x86.ActiveCfg = Release|Win32
		{5F285948-DBCC-48F4-B0FF-62AED6363FB7}.Release|x86.Build.0 = Release|Win32
		{654BB5F9-5C6D-4946-8246-DF65EF8B44E6}.Debug|x64.ActiveCfg = Debug|x64
		{654BB5F9-5C6D-4946-8246-DF65EF8B44E6}.Debug|x64.Build.0 = Debug|x64
		{654BB5F9-5C6D-4946-8246-DF65EF8B44E6}.Debug|x86.ActiveCfg = Debug|Win32
		{654BB5F9-5C6D-4946-8246-DF65EF8B44E6}.Debug|x86.Build.0 = Debug|Win32
		{654BB5F9-5C6D-4946-8246-DF65EF8B44E6}.Release|x64.ActiveCfg = Release|x64
		{654BB5F9-5C6D-4946-8246-DF65EF8B44E6}.Release|x64.Build.0 = Release|x64
		{654BB5F9-5C6D-4946-8246-DF65EF8B44E6}.Release|x86.ActiveCfg = Release|Win32
		{654BB5F9-5C6D-4946-8246-DF65EF8B44E6}.Release|x86.Build.0 = Release|Win32
		{80DED78E-D5B0-4AAE-A306-77652DDD9A67}.Debug|x64.ActiveCfg = Debug|x64
		{80DED78E-D5B0-4AAE-A306-77652DDD9A67}.Debug|x64.Build.0 = Debug|x64
		{80DED78E-D5B0-4AAE-A306-77652DDD9A67}.Debug|x86.ActiveCfg = Debug|Win32
		{80DED78E-D5B0-4AAE-A306-77652DDD9A67}.Debug|x86.Build.0 = Debug|Win32
		{80DED78E-D5B0-4AAE-A306-77652DDD9A67}.Release|x64.ActiveCfg = Release|x64
		{80DED78E-D5B0-4AAE-A306-77652DDD9A67}.Release|x64.Build.0 = Release|x64
		{80DED78E-D5B0-4AAE-A306-77652DDD9A67}.Release|x86.ActiveCfg = Release|Win32
		{80DED78E-D5B0-4AAE-A306-77652DDD9A67}.Release|x86.Build.0 = Release|Win32
		{F047E0FE-ACA7-414E-91E7-A9B5B5748233}.Debug|x64.ActiveCfg = Debug|x64
		{F047E0FE-ACA7-414E-91E7-A9B5B5748233}.Debug|x64.Build.0 = Debug|x64
		{F047E0FE-ACA7-414E-91E7-A9B5B5748233}.Debug|x86.ActiveCfg = Debug|Win32
		{F047E0FE-ACA7-414E-91E7-A9B5B5748233}.Debug|x86.Build.0 = Debug|Win32
		{F047E0FE-ACA7-414E-91E7-A9B5B5748233}.Release|x64.ActiveCfg = Release|x64
		{F047E0FE-ACA7-414E-91E7-A9B5B5748233}.Release|x64.Build.0 = Release|x64
		{F047E0FE-ACA7-414E-91E7-A9B5B5748233}.Release|x86.ActiveCfg = Release|Win32
		{F047E0FE-ACA7-414E-91E7-A9B5B5748233}.Release|x86.Build.0 = Release|Win32
		{900BB96B-25E0-4FF4-BBE8-46E28AB172CD}.Debug|x64.ActiveCfg = Debug|x64
		{900BB96B-25E0-4FF4-BBE8-46E28AB172CD}.Debug|x64.Build.0 = Debug|x64
		{900BB96B-25E0-4FF4-BBE8-46E28AB172CD}.Debug|x86.ActiveCfg = Debug|Win32
		{900BB96B-25E0-4FF4-BBE8-46E28AB172CD}.Debug|x86.Build.0 = Debug|Win32
		{900BB96B-25E0-4FF4-BBE8-46E28AB172CD}.Release|x64.ActiveCfg = Release|x64
		{900BB96B-25E0-4FF4-BBE8-46E28AB172CD}.Release|x64.Build.0 = Release|x64
		{900BB96B-25E0-4FF4-BBE8-46E28AB172CD}.Release|x86.ActiveCfg = Release|Win32
		{900BB96B-25E0-4FF4-BBE8-46E28AB172CD}.Release|x86.Build.0 = Release|Win32
		{79DDB62D-CB70-4BEA-8A90-F72A5C74A16F}.Debug|x64.ActiveCfg = Debug|x64
		{79DDB62D-CB70-4BEA-8A90-F72A5C74A16F}.Debug|x64.Build.0 = Debug|x64
		{79DDB62D-CB70-4BEA-8A90-F72A5C74A16F}.Debug|x86.ActiveCfg = Debug|Win32
		{79DDB62D-CB70-4BEA-8A90-F72A5C74A16F}.Debug|x86.Build.0 = Debug|Win32
		{79DDB62D-CB70-4BEA-8A90-F72A5C74A16F}.Release|x64.ActiveCfg = Release|x64
		{79DDB62D-CB70-4BEA-8A90-F72A5C74A16F}.Release|x64.Build.0 = Release|x64
		{79DDB62D-CB70-4BEA-8A90-F72A5C74A16F}.Release|x86.ActiveCfg = Release|Win32
		{79DDB62D-CB70-4BEA-8A90-F72A5C74A16F}.Release|x86.Build.0 = Release|Win32
		{E22DEAB6-C39E-4945-8EEE-E94D34F99A38}.Debug|x64.ActiveCfg = Debug|x64
		{E22DEAB6-C39E-4945-8EEE-E94D34F99A38}.Debug|x64.Build.0 = Debug|x64
		{E22DEAB6-C39E-4945-8EEE-E94D34F99A38}.Debug|x86.ActiveCfg = Debug|Win32
		{E22DEAB6-C39E-4945-8EEE-E94D34F99A38}.Debug|x86.Build.0 = Debug|Win32
		{E22DEAB6-C39E-4945-8EEE-E94D34F99A38}.Release|x64.ActiveCfg = Release|x64
		{E22DEAB6-C39E-4945-8EEE-E94D34F99A38}.Release|x64.Build.0 = Release|x64
		{E22DEAB6-C39E-4945-8EEE-E94D34F99A38}.Release|x86.ActiveCfg = Release|Win32
		{E22DEAB6-C39E-4945-8EEE-E94D34F99A38}.Release|x86.Build.0 = Release|Win32
		{E9B2CD64-18EC-4149-951B-010CFA7CC692}.Debug|x64.ActiveCfg = Debug|x64
		{E9B2CD64-18EC-4149-951B-010CFA7CC692}.Debug|x64.Build.0 = Debug|x64
		{E9B2CD64-18EC-4149-951B-010CFA7CC692}.Debug|x86.ActiveCfg = Debug|Win32
		{E9B2CD64-18EC-4149-951B-010CFA7CC692}.Debug|x86.Build.0 = Debug|Win32
		{E9B2CD64-18EC-4149-951B-010CFA7CC692}.Release|x64.ActiveCfg = Release|x64
		{E9B2CD64-18EC-4149-951B-010CFA7CC692}.Release|x64.Build.0 = Release|x64
		{E9B2CD64-18EC-4149-951B-010CFA7CC692}.Release|x86.ActiveCfg = Release|Win32
		{E9B2CD64-18EC-4149-951B-010CFA7CC692}.Release|x86.Build.0 = Release|Win32
		{61915E48-367F-4A0D-A0AA-066A888A0733}.Debug|x64.ActiveCfg = Debug|x64
		{61915E48-367F-4A0D-A0AA-066A888A0733}.Debug|x64.Build.0 = Debug|x64
		{61915E48-367F-4A0D-A0AA-066A888A0733}.Debug|x86.ActiveCfg = Debug|Win32
		{61915E48-367F-4A0D-A0AA-066A888A0733}.Debug|x86.Build.0 = Debug|Win32
		{61915E48-367F-4A0D-A0AA-066A888A0733}.Release|x64.ActiveCfg = Release|x64
		{61915E48-367F-4A0D-A0AA-066A888A0733}.Release|x64.Build.0 = Release|x64
		{61915E48-367F-4A0D-A0AA-066A888A0733}.Release|x86.ActiveCfg = Release|Win32
		{61915E48-367F-4A0D-A0AA-066A888A0733}.Release|x86.Build.0 = Release|Win32
		{293B9B93-6DE8-4CFF-92CD-427B82A00AF1}.Debug|x64.ActiveCfg = Debug|x64
		{293B9B93-6DE8-4CFF-92CD-427B82A00AF1}.Debug|x64.Build.0 = Debug|x64
		{293B9B93-6DE8-4CFF-92CD-427B82A00AF1}.Debug|x86.ActiveCfg = Debug|Win32
		{293B9B93-6DE8-4CFF-92CD-427B82A00AF1}.Debug|x86.Build.0 = Debug|Win32
		{293B9B93-6DE8-4CFF-92CD-427B82A00AF1}.Release|x64.ActiveCfg = Release|x64
		{293B9B93-6DE8-4CFF-92CD-427B82A00AF1}.Release|x64.Build.0 = Release|x64
		{293B9B93-6DE8-4CFF-92CD-427B82A00AF1}.Release|x86.ActiveCfg = Release|Win32
		{293B9B93-6DE8-4CFF-92CD-427B82A00AF1}.Release|x86.Build.0 = Release|Win32
		{FABDA5D6-2195-4E0C-A4C3-DEBC832B2DBF}.Debug|x64.ActiveCfg = Debug|x64
		{FABDA5D6-2195-4E0C-A4C3-DEBC832B2DBF}.Debug|x64.Build.0 = Debug|x64
		{FABDA5D6-2195-4E0C-A4C3-DEBC832B2DBF}.Debug|x86.ActiveCfg = Debug|Win32
		{FABDA5D6-2195-4E0C-A4C3-DEBC832B2DBF}.Debug|x86.Build.0 = Debug|Win32
		{FABDA5D6-2195-4E0C-A4C3-DEBC832B2DBF}.Release|x64.ActiveCfg = Release|x64
		{FABDA5D6-2195-4E0C-A4C3-DEBC832B2DBF}.Release|x64.Build.0 = Release|x64
		{FABDA5D6-2195-4E0C-A4C3-DEBC832B2DBF}.Release|x86.ActiveCfg = Release|Win32
		{FABDA5D6-2195-4E0C-A4C3-DEBC832B2DBF}.Release|x86.Build.0 = Release|Win32
		{5677D995-93D1-4289-9A4B-03F560C824C7}.Debug|x64.ActiveCfg = Debug|x64
		{5677D995-93D1-4289-9A4B-03F560C824C7}.Debug|x64.Build.0 = Debug|x64
		{5677D995-93D1-4289-9A4B-03F560C824C7}.Debug|x86.ActiveCfg = Debug|Win32
		{5677D995-93D1-4289-9A4B-03F560C824C7}.Debug|x86.Build.0 = Debug|Win32
		{5677D995-93D1-4289-9A4B-03F560C824C7}.Release|x64.ActiveCfg = Release|x64
		{5677D995-93D1-4289-9A4B-03F560C824C7}.Release|x64.Build.0 = Release|x64
		{5677D995-93D1-4289-9A4B-03F560C824C7}.Release|x86.ActiveCfg = Release|Win32
		{5677D995-93D1-4289-9A4B-03F560C824C7}.Release|x86.Build.0 = Release|Win32
		{EE266533-4866-48BF-A38A-2F9A738F549F}.Debug|x64.ActiveCfg = Debug|x64
		{EE266533-4866-48BF-A38A-2F9A738F549F}.Debug|x64.Build.0 = Debug|x64
		{EE266533-4866-48BF-A38A-2F9A738F549F}.Debug|x86.ActiveCfg = Debug|Win32
		{EE266533-4866-48BF-A38A-2F9A738F549F}.Debug|x86.Build.0 = Debug|Win32
		{EE266533-4866-48BF-A38A-2F9A738F549F}.Release|x64.ActiveCfg = Release|x64
		{EE266533-4866-48BF-A38A-2F9A738F549F}.Release|x64.Build.0 = Release|x64
		{EE266533-4866-48BF-A38A-2F9A738F549F}.Release|x86.ActiveCfg = Release|Win32
		{EE266533-4866-48BF-A38A-2F9A738F549F}.Release|x86.Build.0 = Release|Win32
		{085937A5-7A40-412E-9D5B-35C662EE3C34}.Debug|x64.ActiveCfg = Debug|x64
		{085937A5-7A40-412E-9D5B-35C662EE3C34}.Debug|x64.Build.0 = Debug|x64
		{085937A5-7A40-412E-9D5B-35C662EE3C34}.Debug|x86.ActiveCfg = Debug|Win32
		{085937A5-7A40-412E-9D5B-35C662EE3C34}.Debug|x86.Build.0 = Debug|Win32
		{085937A5-7A40-412E-9D5B-35C662EE3C34}.Release|x64.ActiveCfg = Release|x64
		{085937A5-7A40-412E-9D5B-35C662EE3C34}.Release|x64.Build.0 = Release|x64
		{085937A5-7A40-412E-9D5B-35C662EE3C34}.Release|x86.ActiveCfg = Release|Win32
		{085937A5-7A40-412E-9D5B-35C662EE3C34}.Release|x86.Build.0 = Release|Win32
		{753C7FA6-706A-4237-B05D-42BCAA018A0E}.Debug|x64.ActiveCfg = Debug|x64
		{753C7FA6-706A-4237-B05D-42BCAA018A0E}.Debug|x64.Build.0 = Debug|x64
		{753C7FA6-706A-4237-B05D-42BCAA018A0E}.Debug|x86.ActiveCfg = Debug|Win32
		{753C7FA6-706A-4237-B05D-42BCAA018A0E}.Debug|x86.Build.0 = Debug|Win32
		{753C7FA6-706A-4237-B05D-42BCAA018A0E}.Release|x64.ActiveCfg = Release|x64
		{753C7FA6-706A-4237-B05D-42BCAA018A0E}.Release|x64.Build.0 = Release|x64
		{753C7FA6-706A-4237-B05D-42BCAA018A0E}.Release|x86.ActiveCfg = Release|Win32
		{753C7FA6-706A-4237-B05D-42BCAA018A0E}.Release|x86.Build.0 = Release|Win32
		{8FCB40B2-3108-4CB8-9B9D-FE9D841E0765}.Debug|x64.ActiveCfg = Debug|x64
		{8FCB40B2-3108-4CB8-9B9D-FE9D841E0765}.Debug|x64.Build.0 = Debug|x64
		{8FCB40B2-3108-4CB8-9B9D-FE9D841E0765}.Debug|x86.ActiveCfg = Debug|Win32
		{8FCB40B2-3108-4CB8-9B9D-FE9D841E0765}.Debug|x86.Build.0 = Debug|Win32
		{8FCB40B2-3108-4CB8-9B9D-FE9D841E0765}.Release|x64.ActiveCfg = Release|x64
		{8FCB40B2-3108-4CB8-9B9D-FE9D841E0765}.Release|x64.Build.0 = Release|x64
		{8FCB40B2-3108-4CB8-9B9D-FE9D841E0765}.Release|x86.ActiveCfg = Release|Win32
		{8FCB40B2-3108-4CB8-9B9D-FE9D841E0765}.Release|x86.Build.0 = Release|Win32
		{18FE90C7-B4A1-4DB3-B9F6-A0E8FC2057B0}.Debug|x64.ActiveCfg = Debug|x64
		{18FE90C7-B4A1-4DB3-B9F6-A0E8FC2057B0}.Debug|x64.Build.0 = Debug|x64
		{18FE90C7-B4A1-4DB3-B9F6-A0E8FC2057B0}.Debug|x86.ActiveCfg = Debug|Win32
		{18FE90C7-B4A1-4DB3-B9F6-A0E8FC2057B0}.Debug|x86.Build.0 = Debug|Win32
		{18FE90C7-B4A1-4DB3-B9F6-A0E8FC2057B0}.Release|x64.ActiveCfg = Release|x64
		{18FE90C7-B4A1-4DB3-B9F6-A0E8FC2057B0}.Release|x64.Build.0 = Release|x64
		{18FE90C7-B4A1-4DB3-B9F6-A0E8FC2057B0}.Release|x86.ActiveCfg = Release|Win32
		{18FE90C7-B4A1-4DB3-B9F6-A0E8FC2057B0}.Release|x86.Build.0 = Release|Win32
		{C43E16FE-D8F1-4901-B240-95966E7A711A}.Debug|x64.ActiveCfg = Debug|x64
		{C43E16FE-D8F1-4901-B240-95966E7A711A}.Debug|x64.Build.0 = Debug|x64
		{C43E16FE-D8F1-4901-B240-95966E7A711A}.Debug|x86.ActiveCfg = Debug|Win32
		{C43E16FE-D8F1-4901-B240-95966E7A711A}.Debug|x86.Build.0 = Debug|Win32
		{C43E16FE-D8F1-4901-B240-95966E7A711A}.Release|x64.ActiveCfg = Release|x64
		{C43E16FE-D8F1-4901-B240-95966E7A711A}.Release|x64.Build.0 = Release|x64
		{C43E16FE-D8F1-4901-B240-95966E7A711A}.Release|x86.ActiveCfg = Release|Win32
		{C43E16FE-D8F1-4901-B240-95966E7A711A}.Release|x86.Build.0 = Release|Win32
		{BE1C7AEA-3749-45AD-AD5D-7B8133B8E4AD}.Debug|x64.ActiveCfg = Debug|x64
		{BE1C7AEA-3749-45AD-AD5D-7B8133B8E4AD}.Debug|x64.Build.0 = Debug|x64
		{BE1C7AEA-3749-45AD-AD5D-7B8133B8E4AD}.Debug|x86.ActiveCfg = Debug|Win32
		{BE1C7AEA-3749-45AD-AD5D-7B8133B8E4AD}.Debug|x86.Build.0 = Debug|Win32
		{BE1C7AEA-3749-45AD-AD5D-7B8133B8E4AD}.Release|x64.ActiveCfg = Release|x64
		{BE1C7AEA-3749-45AD-AD5D-7B8133B8E4AD}.Release|x64.Build.0 = Release|x64
		{BE1C7AEA-3749-45AD-AD5D-7B8133B8E4AD}.Release|x86.ActiveCfg = Release|Win32
		{BE1C7AEA-3749-45AD-AD5D-7B8133B8E4AD}.Release|x86.Build.0 = Release|Win32
		{E10C81DC-3A10-4DFE-9C16-5199B8E53157}.Debug|x64.ActiveCfg = Debug|x64
		{E10C81DC-3A10-4DFE-9C16-5199B8E53157}.Debug|x64.Build.0 = Debug|x64
		{E10C81DC-3A10-4DFE-9C16-5199B8E53157}.Debug|x86.ActiveCfg = Debug|Win32
		{E10C81DC-3A10-4DFE-9C16-5199B8E53157}.Debug|x86.Build.0 = Debug|Win32
		{E10C81DC-3A10-4DFE-9C16-5199B8E53157}.Release|x64.ActiveCfg = Release|x64
		{E10C81DC-3A10-4DFE-9C16-5199B8E53157}.Release|x64.Build.0 = Release|x64
		{E10C81DC-3A10-4DFE-9C16-5199B8E53157}.Release|x86.ActiveCfg = Release|Win32
		{E10C81DC-3A10-4DFE-9C16-5199B8E53157}.Release|x86.Build.0 = Release|Win32
		{E890EC69-C81E-4CB3-AA16-71019416C10E}.Debug|x64.ActiveCfg = Debug|x64
		{E890EC69-C81E-4CB3-AA16-71019416C10E}.Debug|x64.Build.0 = Debug|x64
		{E890EC69-C81E-4CB3-AA16-71019416C10E}.Debug|x86.ActiveCfg = Debug|Win32
		{E890EC69-C81E-4CB3-AA16-71019416C10E}.Debug|x86.Build.0 = Debug|Win32
		{E890EC69-C81E-4CB3-AA16-71019416C10E}.Release|x64.ActiveCfg = Release|x64
		{E890EC69-C81E-4CB3-AA16-71019416C10E}.Release|x64.Build.0 = Release|x64
		{E890EC69-C81E-4CB3-AA16-71019416C10E}.Release|x86.ActiveCfg = Release|Win32
		{E890EC69-C81E-4CB3-AA16-71019416C10E}.Release|x86.Build.0 = Release|Win32
	EndGlobalSection
	GlobalSection(SolutionProperties) = preSolution
		HideSolutionNode = FALSE
	EndGlobalSection
	GlobalSection(ExtensibilityGlobals) = postSolution
		SolutionGuid = {FC43360A-D42A-4073-9273-0A9CCBEA09D1}
	EndGlobalSection
EndGlobal
