
Microsoft Visual Studio Solution File, Format Version 12.00
# Visual Studio Version 17
VisualStudioVersion = 17.1.32210.238
MinimumVisualStudioVersion = 10.0.40219.1
Project("{8BC9CEB8-8B4A-11D0-8D11-00A0C91BC942}") = "TickerHook28", "TickerHook28\TickerHook28.vcxproj", "{335EBE8C-EE03-4E6B-990B-B66D1513D479}"
EndProject
Project("{8BC9CEB8-8B4A-11D0-8D11-00A0C91BC942}") = "TickerHook09", "TickerHook09\TickerHook09.vcxproj", "{722EB0B9-B133-4331-86F9-76D5D92503D9}"
EndProject
Project("{8BC9CEB8-8B4A-11D0-8D11-00A0C91BC942}") = "TickerHook27", "TickerHook27\TickerHook27.vcxproj", "{7D546052-9699-4555-B978-A5A017708E5A}"
EndProject
Project("{8BC9CEB8-8B4A-11D0-8D11-00A0C91BC942}") = "TickerHook26", "TickerHook26\TickerHook26.vcxproj", "{5F285948-DBCC-48F4-B0FF-62AED6363FB7}"
EndProject
Project("{8BC9CEB8-8B4A-11D0-8D11-00A0C91BC942}") = "TickerHook25", "TickerHook25\TickerHook25.vcxproj", "{654BB5F9-5C6D-4946-8246-DF65EF8B44E6}"
EndProject
Project("{8BC9CEB8-8B4A-11D0-8D11-00A0C91BC942}") = "TickerHook24", "TickerHook24\TickerHook24.vcxproj", "{80DED78E-D5B0-4AAE-A306-77652DDD9A67}"
EndProject
Global
	GlobalSection(SolutionConfigurationPlatforms) = preSolution
		Debug|x64 = Debug|x64
		Debug|x86 = Debug|x86
		Release|x64 = Release|x64
		Release|x86 = Release|x86
	EndGlobalSection
	GlobalSection(ProjectConfigurationPlatforms) = postSolution
		{335EBE8C-EE03-4E6B-990B-B66D1513D479}.Debug|x64.ActiveCfg = Debug|x64
		{335EBE8C-EE03-4E6B-990B-B66D1513D479}.Debug|x64.Build.0 = Debug|x64
		{335EBE8C-EE03-4E6B-990B-B66D1513D479}.Debug|x86.ActiveCfg = Debug|Win32
		{335EBE8C-EE03-4E6B-990B-B66D1513D479}.Debug|x86.Build.0 = Debug|Win32
		{335EBE8C-EE03-4E6B-990B-B66D1513D479}.Release|x64.ActiveCfg = Release|x64
		{335EBE8C-EE03-4E6B-990B-B66D1513D479}.Release|x64.Build.0 = Release|x64
		{335EBE8C-EE03-4E6B-990B-B66D1513D479}.Release|x86.ActiveCfg = Release|Win32
		{335EBE8C-EE03-4E6B-990B-B66D1513D479}.Release|x86.Build.0 = Release|Win32
		{722EB0B9-B133-4331-86F9-76D5D92503D9}.Debug|x64.ActiveCfg = Debug|x64
		{722EB0B9-B133-4331-86F9-76D5D92503D9}.Debug|x64.Build.0 = Debug|x64
		{722EB0B9-B133-4331-86F9-76D5D92503D9}.Debug|x86.ActiveCfg = Debug|Win32
		{722EB0B9-B133-4331-86F9-76D5D92503D9}.Debug|x86.Build.0 = Debug|Win32
		{722EB0B9-B133-4331-86F9-76D5D92503D9}.Release|x64.ActiveCfg = Release|x64
		{722EB0B9-B133-4331-86F9-76D5D92503D9}.Release|x64.Build.0 = Release|x64
		{722EB0B9-B133-4331-86F9-76D5D92503D9}.Release|x86.ActiveCfg = Release|Win32
		{722EB0B9-B133-4331-86F9-76D5D92503D9}.Release|x86.Build.0 = Release|Win32
		{7D546052-9699-4555-B978-A5A017708E5A}.Debug|x64.ActiveCfg = Debug|x64
		{7D546052-9699-4555-B978-A5A017708E5A}.Debug|x64.Build.0 = Debug|x64
		{7D546052-9699-4555-B978-A5A017708E5A}.Debug|x86.ActiveCfg = Debug|Win32
		{7D546052-9699-4555-B978-A5A017708E5A}.Debug|x86.Build.0 = Debug|Win32
		{7D546052-9699-4555-B978-A5A017708E5A}.Release|x64.ActiveCfg = Release|x64
		{7D546052-9699-4555-B978-A5A017708E5A}.Release|x64.Build.0 = Release|x64
		{7D546052-9699-4555-B978-A5A017708E5A}.Release|x86.ActiveCfg = Release|Win32
		{7D546052-9699-4555-B978-A5A017708E5A}.Release|x86.Build.0 = Release|Win32
		{5F285948-DBCC-48F4-B0FF-62AED6363FB7}.Debug|x64.ActiveCfg = Debug|x64
		{5F285948-DBCC-48F4-B0FF-62AED6363FB7}.Debug|x64.Build.0 = Debug|x64
		{5F285948-DBCC-48F4-B0FF-62AED6363FB7}.Debug|x86.ActiveCfg = Debug|Win32
		{5F285948-DBCC-48F4-B0FF-62AED6363FB7}.Debug|x86.Build.0 = Debug|Win32
		{5F285948-DBCC-48F4-B0FF-62AED6363FB7}.Release|x64.ActiveCfg = Release|x64
		{5F285948-DBCC-48F4-B0FF-62AED6363FB7}.Release|x64.Build.0 = Release|x64
		{5F285948-DBCC-48F4-B0FF-62AED6363FB7}.Release|x86.ActiveCfg = Release|Win32
		{5F285948-DBCC-48F4-B0FF-62AED6363FB7}.Release|x86.Build.0 = Release|Win32
		{654BB5F9-5C6D-4946-8246-DF65EF8B44E6}.Debug|x64.ActiveCfg = Debug|x64
		{654BB5F9-5C6D-4946-8246-DF65EF8B44E6}.Debug|x64.Build.0 = Debug|x64
		{654BB5F9-5C6D-4946-8246-DF65EF8B44E6}.Debug|x86.ActiveCfg = Debug|Win32
		{654BB5F9-5C6D-4946-8246-DF65EF8B44E6}.Debug|x86.Build.0 = Debug|Win32
		{654BB5F9-5C6D-4946-8246-DF65EF8B44E6}.Release|x64.ActiveCfg = Release|x64
		{654BB5F9-5C6D-4946-8246-DF65EF8B44E6}.Release|x64.Build.0 = Release|x64
		{654BB5F9-5C6D-4946-8246-DF65EF8B44E6}.Release|x86.ActiveCfg = Release|Win32
		{654BB5F9-5C6D-4946-8246-DF65EF8B44E6}.Release|x86.Build.0 = Release|Win32
		{80DED78E-D5B0-4AAE-A306-77652DDD9A67}.Debug|x64.ActiveCfg = Debug|x64
		{80DED78E-D5B0-4AAE-A306-77652DDD9A67}.Debug|x64.Build.0 = Debug|x64
		{80DED78E-D5B0-4AAE-A306-77652DDD9A67}.Debug|x86.ActiveCfg = Debug|Win32
		{80DED78E-D5B0-4AAE-A306-77652DDD9A67}.Debug|x86.Build.0 = Debug|Win32
		{80DED78E-D5B0-4AAE-A306-77652DDD9A67}.Release|x64.ActiveCfg = Release|x64
		{80DED78E-D5B0-4AAE-A306-77652DDD9A67}.Release|x64.Build.0 = Release|x64
		{80DED78E-D5B0-4AAE-A306-77652DDD9A67}.Release|x86.ActiveCfg = Release|Win32
		{80DED78E-D5B0-4AAE-A306-77652DDD9A67}.Release|x86.Build.0 = Release|Win32
	EndGlobalSection
	GlobalSection(SolutionProperties) = preSolution
		HideSolutionNode = FALSE
	EndGlobalSection
	GlobalSection(ExtensibilityGlobals) = postSolution
		SolutionGuid = {FC43360A-D42A-4073-9273-0A9CCBEA09D1}
	EndGlobalSection
EndGlobal
